
Microsoft Visual Studio Solution File, Format Version 12.00
# Visual Studio Version 17
VisualStudioVersion = 17.4.33213.308
MinimumVisualStudioVersion = 10.0.40219.1
Project("{FAE04EC0-301F-11D3-BF4B-00C04F79EFBC}") = "SitilabAPICore", "SitilabAPICore\SitilabAPICore.csproj", "{7548D297-3974-49E0-B204-90079F1B6CD5}"
EndProject
Global
	GlobalSection(SolutionConfigurationPlatforms) = preSolution
		Debug|Any CPU = Debug|Any CPU
		Release|Any CPU = Release|Any CPU
	EndGlobalSection
	GlobalSection(ProjectConfigurationPlatforms) = postSolution
		{7548D297-3974-49E0-B204-90079F1B6CD5}.Debug|Any CPU.ActiveCfg = Debug|Any CPU
		{7548D297-3974-49E0-B204-90079F1B6CD5}.Debug|Any CPU.Build.0 = Debug|Any CPU
		{7548D297-3974-49E0-B204-90079F1B6CD5}.Release|Any CPU.ActiveCfg = Release|Any CPU
		{7548D297-3974-49E0-B204-90079F1B6CD5}.Release|Any CPU.Build.0 = Release|Any CPU
	EndGlobalSection
	GlobalSection(SolutionProperties) = preSolution
		HideSolutionNode = FALSE
	EndGlobalSection
	GlobalSection(ExtensibilityGlobals) = postSolution
		SolutionGuid = {6205E5FD-3144-4473-B502-14D7553CDDB5}
	EndGlobalSection
EndGlobal
